
Microsoft Visual Studio Solution File, Format Version 12.00
Project("{FAE04EC0-301F-11D3-BF4B-00C04F79EFBC}") = "NETSvelte", "NETSvelte\NETSvelte.csproj", "{1E748C4B-E13B-4AA3-A489-F85C8A7E3543}"
EndProject
Project("{2150E333-8FDC-42A3-9474-1A3956D46DE8}") = "SolutionFolder", "SolutionFolder", "{A1895491-8B27-4A72-AE72-FCF6100F8543}"
	ProjectSection(SolutionItems) = preProject
		LICENSE = LICENSE
		README.md = README.md
		.template.config\template.json = .template.config\template.json
		.gitignore = .gitignore
	EndProjectSection
EndProject
Global
	GlobalSection(SolutionConfigurationPlatforms) = preSolution
		Debug|Any CPU = Debug|Any CPU
		Release|Any CPU = Release|Any CPU
	EndGlobalSection
	GlobalSection(ProjectConfigurationPlatforms) = postSolution
		{1E748C4B-E13B-4AA3-A489-F85C8A7E3543}.Debug|Any CPU.ActiveCfg = Debug|Any CPU
		{1E748C4B-E13B-4AA3-A489-F85C8A7E3543}.Debug|Any CPU.Build.0 = Debug|Any CPU
		{1E748C4B-E13B-4AA3-A489-F85C8A7E3543}.Release|Any CPU.ActiveCfg = Release|Any CPU
		{1E748C4B-E13B-4AA3-A489-F85C8A7E3543}.Release|Any CPU.Build.0 = Release|Any CPU
	EndGlobalSection
EndGlobal
